{
    "name": "hot-ui",
    "version": "1.0.0",
    "lockfileVersion": 3,
    "requires": true,
    "packages": {
        "": {
            "name": "hot-ui",
            "version": "1.0.0",
            "license": "MIT",
            "dependencies": {
                "alpinejs": "^3.14.0"
            },
            "devDependencies": {
                "@types/alpinejs": "^3.13.11",
                "typescript": "^6.0.3"
            }
        },
        "node_modules/@types/alpinejs": {
            "version": "3.13.11",
            "resolved": "https://registry.npmjs.org/@types/alpinejs/-/alpinejs-3.13.11.tgz",
            "integrity": "sha512-3KhGkDixCPiLdL3Z/ok1GxHwLxEWqQOKJccgaQL01wc0EVM2tCTaqlC3NIedmxAXkVzt/V6VTM8qPgnOHKJ1MA==",
            "dev": true,
            "license": "MIT"
        },
        "node_modules/@vue/reactivity": {
            "version": "3.5.42",
            "resolved": "https://registry.npmjs.org/@vue/reactivity/-/reactivity-3.5.42.tgz",
            "integrity": "sha512-TzNNfKpb7hDxbQltwAut8VDQA5YP+BuRlxntHUuRjyKwlMvmAPbs3unhCvieijifY6vFfVBwsS7wG/C7uq+bEQ==",
            "license": "MIT",
            "dependencies": {
                "@vue/shared": "3.5.42"
            }
        },
        "node_modules/@vue/shared": {
            "version": "3.5.42",
            "resolved": "https://registry.npmjs.org/@vue/shared/-/shared-3.5.42.tgz",
            "integrity": "sha512-2rPxex1jQf4jvl9MOHl6YaXCPcrNqz/FstMOEh3QWY+/OME9nQTvl9WYeCwhW7AFjaR0SnngZGlp/wkR6rkI6g==",
            "license": "MIT"
        },
        "node_modules/alpinejs": {
            "version": "3.17.3",
            "resolved": "https://registry.npmjs.org/alpinejs/-/alpinejs-3.17.3.tgz",
            "integrity": "sha512-hIfoRTBBeHMeMu6gXuKwwNoY6pJ7bwpZ91dXVrqRhUhHFOyGr4S21sUYqbxPY5Cnjo0RAmPZVRRZw1becRyV0Q==",
            "license": "MIT",
            "dependencies": {
                "@vue/reactivity": "~3.5.40"
            }
        },
        "node_modules/typescript": {
            "version": "6.0.3",
            "resolved": "https://registry.npmjs.org/typescript/-/typescript-6.0.3.tgz",
            "integrity": "sha512-y2TvuxSZPDyQakkFRPZHKFm+KKVqIisdg9/CZwm9ftvKXLP8NRWj38/ODjNbr43SsoXqNuAisEf1GdCxqWcdBw==",
            "dev": true,
            "license": "Apache-2.0",
            "bin": {
                "tsc": "bin/tsc",
                "tsserver": "bin/tsserver"
            },
            "engines": {
                "node": ">=14.17"
            }
        }
    }
}
